
Microsoft Visual Studio Solution File, Format Version 12.00
# Visual Studio Version 17
VisualStudioVersion = 17.2.32516.85
MinimumVisualStudioVersion = 10.0.40219.1
Project("{FAE04EC0-301F-11D3-BF4B-00C04F79EFBC}") = "Algorithms_GB", "Algorithms_GB.csproj", "{8E4A957A-AC10-4390-8F5E-69CD1788F8D7}"
EndProject
Global
	GlobalSection(SolutionConfigurationPlatforms) = preSolution
		Debug|Any CPU = Debug|Any CPU
		Release|Any CPU = Release|Any CPU
	EndGlobalSection
	GlobalSection(ProjectConfigurationPlatforms) = postSolution
		{8E4A957A-AC10-4390-8F5E-69CD1788F8D7}.Debug|Any CPU.ActiveCfg = Debug|Any CPU
		{8E4A957A-AC10-4390-8F5E-69CD1788F8D7}.Debug|Any CPU.Build.0 = Debug|Any CPU
		{8E4A957A-AC10-4390-8F5E-69CD1788F8D7}.Release|Any CPU.ActiveCfg = Release|Any CPU
		{8E4A957A-AC10-4390-8F5E-69CD1788F8D7}.Release|Any CPU.Build.0 = Release|Any CPU
	EndGlobalSection
	GlobalSection(SolutionProperties) = preSolution
		HideSolutionNode = FALSE
	EndGlobalSection
	GlobalSection(ExtensibilityGlobals) = postSolution
		SolutionGuid = {54699513-7D45-4C80-8180-8D017DB07A94}
	EndGlobalSection
EndGlobal
